
Microsoft Visual Studio Solution File, Format Version 12.00
# Visual Studio Version 16
VisualStudioVersion = 16.0.30309.148
MinimumVisualStudioVersion = 10.0.40219.1
Project("{FAE04EC0-301F-11D3-BF4B-00C04F79EFBC}") = "Wookie_Books", "Wookie_Books\Wookie_Books.csproj", "{CAA11587-61F2-423F-BCA4-01555BE15E09}"
EndProject
Global
	GlobalSection(SolutionConfigurationPlatforms) = preSolution
		Debug|Any CPU = Debug|Any CPU
		Release|Any CPU = Release|Any CPU
	EndGlobalSection
	GlobalSection(ProjectConfigurationPlatforms) = postSolution
		{CAA11587-61F2-423F-BCA4-01555BE15E09}.Debug|Any CPU.ActiveCfg = Debug|Any CPU
		{CAA11587-61F2-423F-BCA4-01555BE15E09}.Debug|Any CPU.Build.0 = Debug|Any CPU
		{CAA11587-61F2-423F-BCA4-01555BE15E09}.Release|Any CPU.ActiveCfg = Release|Any CPU
		{CAA11587-61F2-423F-BCA4-01555BE15E09}.Release|Any CPU.Build.0 = Release|Any CPU
	EndGlobalSection
	GlobalSection(SolutionProperties) = preSolution
		HideSolutionNode = FALSE
	EndGlobalSection
	GlobalSection(ExtensibilityGlobals) = postSolution
		SolutionGuid = {AE7FC0ED-7932-42B6-9B0F-85990F1BABBD}
	EndGlobalSection
EndGlobal
